
Microsoft Visual Studio Solution File, Format Version 12.00
# Visual Studio Version 17
VisualStudioVersion = 17.0.31815.197
MinimumVisualStudioVersion = 10.0.40219.1
Project("{2150E333-8FDC-42A3-9474-1A3956D46DE8}") = "cil", "cil", "{A1D71FA7-26A5-4AA2-AAA1-7CF471634DC2}"
EndProject
Project("{2150E333-8FDC-42A3-9474-1A3956D46DE8}") = "tool", "tool", "{E710FFB6-BC9A-4B2F-8D89-B5360E5F85CA}"
EndProject
Project("{2150E333-8FDC-42A3-9474-1A3956D46DE8}") = "dev", "dev", "{AB9BAFE5-11AB-4E0C-B667-90E97F1B4239}"
EndProject
Project("{2150E333-8FDC-42A3-9474-1A3956D46DE8}") = "doc", "doc", "{BB420C88-9702-46FF-B6D5-05610254B38B}"
	ProjectSection(SolutionItems) = preProject
		doc\astc-encoder_README.md = doc\astc-encoder_README.md
		doc\clr.xsd = doc\clr.xsd
	EndProjectSection
EndProject
Project("{2150E333-8FDC-42A3-9474-1A3956D46DE8}") = "env", "env", "{D17B278C-8574-4961-8D37-D64CFCA4234A}"
EndProject
Project("{9A19103F-16F7-4668-BE54-9A1E7A4F7556}") = "BigBuns.Graph.Viewer", "tool\BigBuns.Graph.Viewer\BigBuns.Graph.Viewer.csproj", "{34F42C0C-265F-4F6A-A9C3-6CCB0711A525}"
EndProject
Project("{2150E333-8FDC-42A3-9474-1A3956D46DE8}") = "website", "website", "{4A5FFA42-3590-434D-9FBB-0A010CE29B8D}"
	ProjectSection(SolutionItems) = preProject
		doc\website\Readme.md = doc\website\Readme.md
	EndProjectSection
EndProject
Project("{2150E333-8FDC-42A3-9474-1A3956D46DE8}") = "images", "images", "{996770F5-1209-48C6-8D83-C4BB4A5B563C}"
EndProject
Project("{2150E333-8FDC-42A3-9474-1A3956D46DE8}") = "welcome", "welcome", "{6FBCC560-41EC-4E70-9A49-2516921F887C}"
	ProjectSection(SolutionItems) = preProject
		doc\website\images\welcome\welcome-to-nft-school.svg = doc\website\images\welcome\welcome-to-nft-school.svg
	EndProjectSection
EndProject
Project("{2150E333-8FDC-42A3-9474-1A3956D46DE8}") = "reference", "reference", "{07A94A15-8A7D-4C4C-B999-8931C3A6880E}"
	ProjectSection(SolutionItems) = preProject
		doc\website\reference\intermediate.md = doc\website\reference\intermediate.md
		doc\website\reference\reference.md = doc\website\reference\reference.md
	EndProjectSection
EndProject
Project("{9A19103F-16F7-4668-BE54-9A1E7A4F7556}") = "first_dsl", "tool\first_dsl\first_dsl.csproj", "{C177BC83-5161-4827-93C7-D95CE7BBEE52}"
EndProject
Project("{2150E333-8FDC-42A3-9474-1A3956D46DE8}") = "test", "test", "{68AF3051-D1FC-4CB9-99A1-0F63101B950E}"
EndProject
Project("{2150E333-8FDC-42A3-9474-1A3956D46DE8}") = "libs", "libs", "{1CBD2016-496B-416C-B133-FB93F4AFF560}"
EndProject
Project("{9A19103F-16F7-4668-BE54-9A1E7A4F7556}") = "libfsm", "libs\libfsm\libfsm.csproj", "{098ABCD9-3A60-4BF0-8663-FD5BBAEBD402}"
EndProject
Project("{9A19103F-16F7-4668-BE54-9A1E7A4F7556}") = "libgraph", "libs\libgraph\libgraph.csproj", "{CC7D6A37-37C4-4CBF-9B0A-BFF883D9561A}"
EndProject
Project("{9A19103F-16F7-4668-BE54-9A1E7A4F7556}") = "libwasm", "libs\libwasm\libwasm.csproj", "{7BCC708B-3558-4A3B-9801-06B385A21B3B}"
EndProject
Project("{2150E333-8FDC-42A3-9474-1A3956D46DE8}") = "src", "src", "{946F2A30-C58D-4324-8917-3E241FEDCA6D}"
EndProject
Project("{9A19103F-16F7-4668-BE54-9A1E7A4F7556}") = "libspirv", "libs\libspirv\libspirv.csproj", "{15FA9739-E97B-4265-B113-D9B45E3AA217}"
EndProject
Project("{9A19103F-16F7-4668-BE54-9A1E7A4F7556}") = "Tuyin.IR.Optimizer", "cil\Tuyin.IR.Optimizer\Tuyin.IR.Optimizer.csproj", "{6CA695B5-1591-41AF-BC99-3E2F45D7DB49}"
EndProject
Project("{9A19103F-16F7-4668-BE54-9A1E7A4F7556}") = "Tuyin.IR.Reflection", "cil\Tuyin.IR.Reflection\Tuyin.IR.Reflection.csproj", "{5298507D-9172-44D2-B284-2397875B85F9}"
EndProject
Project("{9A19103F-16F7-4668-BE54-9A1E7A4F7556}") = "Tuyin.IR.Analysis", "cil\Tuyin.IR.Analysis\Tuyin.IR.Analysis.csproj", "{DB963AB5-B2AD-4792-9601-B38A00211242}"
EndProject
Project("{9A19103F-16F7-4668-BE54-9A1E7A4F7556}") = "Tuyin.IR.Assembly", "cil\Tuyin.IR.Assembly\Tuyin.IR.Assembly.csproj", "{FD56D80E-3AA6-4A21-AC62-3BB8F6443F27}"
EndProject
Project("{9A19103F-16F7-4668-BE54-9A1E7A4F7556}") = "libmath", "libs\libmath\libmath.csproj", "{831261D7-1A34-4F1D-9483-01246B22BE61}"
EndProject
Project("{9A19103F-16F7-4668-BE54-9A1E7A4F7556}") = "Tuyin.IR.Compiler", "cil\Tuyin.IR.Compiler\Tuyin.IR.Compiler.csproj", "{B5D127C3-DB28-4886-A195-242BA64236F4}"
EndProject
Project("{2150E333-8FDC-42A3-9474-1A3956D46DE8}") = "pdf", "pdf", "{882DB236-77D5-4980-A6E5-7EB7D31AA907}"
	ProjectSection(SolutionItems) = preProject
		doc\pdf\A graph-based generic type system for object-oriented programs.pdf = doc\pdf\A graph-based generic type system for object-oriented programs.pdf
		doc\pdf\Identifying Loops In Almost Linear Time.pdf = doc\pdf\Identifying Loops In Almost Linear Time.pdf
		cil\Tuyin.IR.Analysis\Atom\LaTeX_symbols.pdf = cil\Tuyin.IR.Analysis\Atom\LaTeX_symbols.pdf
		doc\pdf\WebAssembly.pdf = doc\pdf\WebAssembly.pdf
	EndProjectSection
EndProject
Project("{9A19103F-16F7-4668-BE54-9A1E7A4F7556}") = "Tuyin.Sutdio", "dev\Tuyin.Sutdio\Tuyin.Sutdio.csproj", "{5B4725DE-673A-473D-9CD3-F45DCCE6FD67}"
EndProject
Project("{9A19103F-16F7-4668-BE54-9A1E7A4F7556}") = "test_project", "tool\test_project\test_project.csproj", "{762361B5-1B70-43CB-AC97-5760672C4F6D}"
EndProject
Project("{9A19103F-16F7-4668-BE54-9A1E7A4F7556}") = "libtui", "libs\libtui\libtui.csproj", "{E0B2272F-E698-40E8-9594-70A4425F73A8}"
EndProject
Project("{9A19103F-16F7-4668-BE54-9A1E7A4F7556}") = "tui.tool", "tool\tui.tool\tui.tool.csproj", "{E25F9C46-9428-4C0F-9DE7-B7132551170D}"
EndProject
Global
	GlobalSection(SolutionConfigurationPlatforms) = preSolution
		Debug|Any CPU = Debug|Any CPU
		Debug|x64 = Debug|x64
		Debug|x86 = Debug|x86
		Release|Any CPU = Release|Any CPU
		Release|x64 = Release|x64
		Release|x86 = Release|x86
	EndGlobalSection
	GlobalSection(ProjectConfigurationPlatforms) = postSolution
		{34F42C0C-265F-4F6A-A9C3-6CCB0711A525}.Debug|Any CPU.ActiveCfg = Debug|Any CPU
		{34F42C0C-265F-4F6A-A9C3-6CCB0711A525}.Debug|Any CPU.Build.0 = Debug|Any CPU
		{34F42C0C-265F-4F6A-A9C3-6CCB0711A525}.Debug|x64.ActiveCfg = Debug|x64
		{34F42C0C-265F-4F6A-A9C3-6CCB0711A525}.Debug|x64.Build.0 = Debug|x64
		{34F42C0C-265F-4F6A-A9C3-6CCB0711A525}.Debug|x86.ActiveCfg = Debug|Any CPU
		{34F42C0C-265F-4F6A-A9C3-6CCB0711A525}.Debug|x86.Build.0 = Debug|Any CPU
		{34F42C0C-265F-4F6A-A9C3-6CCB0711A525}.Release|Any CPU.ActiveCfg = Release|Any CPU
		{34F42C0C-265F-4F6A-A9C3-6CCB0711A525}.Release|Any CPU.Build.0 = Release|Any CPU
		{34F42C0C-265F-4F6A-A9C3-6CCB0711A525}.Release|x64.ActiveCfg = Release|x64
		{34F42C0C-265F-4F6A-A9C3-6CCB0711A525}.Release|x64.Build.0 = Release|x64
		{34F42C0C-265F-4F6A-A9C3-6CCB0711A525}.Release|x86.ActiveCfg = Release|Any CPU
		{34F42C0C-265F-4F6A-A9C3-6CCB0711A525}.Release|x86.Build.0 = Release|Any CPU
		{C177BC83-5161-4827-93C7-D95CE7BBEE52}.Debug|Any CPU.ActiveCfg = Debug|Any CPU
		{C177BC83-5161-4827-93C7-D95CE7BBEE52}.Debug|Any CPU.Build.0 = Debug|Any CPU
		{C177BC83-5161-4827-93C7-D95CE7BBEE52}.Debug|x64.ActiveCfg = Debug|Any CPU
		{C177BC83-5161-4827-93C7-D95CE7BBEE52}.Debug|x64.Build.0 = Debug|Any CPU
		{C177BC83-5161-4827-93C7-D95CE7BBEE52}.Debug|x86.ActiveCfg = Debug|Any CPU
		{C177BC83-5161-4827-93C7-D95CE7BBEE52}.Debug|x86.Build.0 = Debug|Any CPU
		{C177BC83-5161-4827-93C7-D95CE7BBEE52}.Release|Any CPU.ActiveCfg = Release|Any CPU
		{C177BC83-5161-4827-93C7-D95CE7BBEE52}.Release|Any CPU.Build.0 = Release|Any CPU
		{C177BC83-5161-4827-93C7-D95CE7BBEE52}.Release|x64.ActiveCfg = Release|Any CPU
		{C177BC83-5161-4827-93C7-D95CE7BBEE52}.Release|x64.Build.0 = Release|Any CPU
		{C177BC83-5161-4827-93C7-D95CE7BBEE52}.Release|x86.ActiveCfg = Release|Any CPU
		{C177BC83-5161-4827-93C7-D95CE7BBEE52}.Release|x86.Build.0 = Release|Any CPU
		{098ABCD9-3A60-4BF0-8663-FD5BBAEBD402}.Debug|Any CPU.ActiveCfg = Debug|Any CPU
		{098ABCD9-3A60-4BF0-8663-FD5BBAEBD402}.Debug|Any CPU.Build.0 = Debug|Any CPU
		{098ABCD9-3A60-4BF0-8663-FD5BBAEBD402}.Debug|x64.ActiveCfg = Debug|Any CPU
		{098ABCD9-3A60-4BF0-8663-FD5BBAEBD402}.Debug|x64.Build.0 = Debug|Any CPU
		{098ABCD9-3A60-4BF0-8663-FD5BBAEBD402}.Debug|x86.ActiveCfg = Debug|Any CPU
		{098ABCD9-3A60-4BF0-8663-FD5BBAEBD402}.Debug|x86.Build.0 = Debug|Any CPU
		{098ABCD9-3A60-4BF0-8663-FD5BBAEBD402}.Release|Any CPU.ActiveCfg = Release|Any CPU
		{098ABCD9-3A60-4BF0-8663-FD5BBAEBD402}.Release|Any CPU.Build.0 = Release|Any CPU
		{098ABCD9-3A60-4BF0-8663-FD5BBAEBD402}.Release|x64.ActiveCfg = Release|Any CPU
		{098ABCD9-3A60-4BF0-8663-FD5BBAEBD402}.Release|x64.Build.0 = Release|Any CPU
		{098ABCD9-3A60-4BF0-8663-FD5BBAEBD402}.Release|x86.ActiveCfg = Release|Any CPU
		{098ABCD9-3A60-4BF0-8663-FD5BBAEBD402}.Release|x86.Build.0 = Release|Any CPU
		{CC7D6A37-37C4-4CBF-9B0A-BFF883D9561A}.Debug|Any CPU.ActiveCfg = Debug|Any CPU
		{CC7D6A37-37C4-4CBF-9B0A-BFF883D9561A}.Debug|Any CPU.Build.0 = Debug|Any CPU
		{CC7D6A37-37C4-4CBF-9B0A-BFF883D9561A}.Debug|x64.ActiveCfg = Debug|Any CPU
		{CC7D6A37-37C4-4CBF-9B0A-BFF883D9561A}.Debug|x64.Build.0 = Debug|Any CPU
		{CC7D6A37-37C4-4CBF-9B0A-BFF883D9561A}.Debug|x86.ActiveCfg = Debug|Any CPU
		{CC7D6A37-37C4-4CBF-9B0A-BFF883D9561A}.Debug|x86.Build.0 = Debug|Any CPU
		{CC7D6A37-37C4-4CBF-9B0A-BFF883D9561A}.Release|Any CPU.ActiveCfg = Release|Any CPU
		{CC7D6A37-37C4-4CBF-9B0A-BFF883D9561A}.Release|Any CPU.Build.0 = Release|Any CPU
		{CC7D6A37-37C4-4CBF-9B0A-BFF883D9561A}.Release|x64.ActiveCfg = Release|Any CPU
		{CC7D6A37-37C4-4CBF-9B0A-BFF883D9561A}.Release|x64.Build.0 = Release|Any CPU
		{CC7D6A37-37C4-4CBF-9B0A-BFF883D9561A}.Release|x86.ActiveCfg = Release|Any CPU
		{CC7D6A37-37C4-4CBF-9B0A-BFF883D9561A}.Release|x86.Build.0 = Release|Any CPU
		{7BCC708B-3558-4A3B-9801-06B385A21B3B}.Debug|Any CPU.ActiveCfg = Debug|Any CPU
		{7BCC708B-3558-4A3B-9801-06B385A21B3B}.Debug|Any CPU.Build.0 = Debug|Any CPU
		{7BCC708B-3558-4A3B-9801-06B385A21B3B}.Debug|x64.ActiveCfg = Debug|Any CPU
		{7BCC708B-3558-4A3B-9801-06B385A21B3B}.Debug|x64.Build.0 = Debug|Any CPU
		{7BCC708B-3558-4A3B-9801-06B385A21B3B}.Debug|x86.ActiveCfg = Debug|Any CPU
		{7BCC708B-3558-4A3B-9801-06B385A21B3B}.Debug|x86.Build.0 = Debug|Any CPU
		{7BCC708B-3558-4A3B-9801-06B385A21B3B}.Release|Any CPU.ActiveCfg = Release|Any CPU
		{7BCC708B-3558-4A3B-9801-06B385A21B3B}.Release|Any CPU.Build.0 = Release|Any CPU
		{7BCC708B-3558-4A3B-9801-06B385A21B3B}.Release|x64.ActiveCfg = Release|Any CPU
		{7BCC708B-3558-4A3B-9801-06B385A21B3B}.Release|x64.Build.0 = Release|Any CPU
		{7BCC708B-3558-4A3B-9801-06B385A21B3B}.Release|x86.ActiveCfg = Release|Any CPU
		{7BCC708B-3558-4A3B-9801-06B385A21B3B}.Release|x86.Build.0 = Release|Any CPU
		{15FA9739-E97B-4265-B113-D9B45E3AA217}.Debug|Any CPU.ActiveCfg = Debug|Any CPU
		{15FA9739-E97B-4265-B113-D9B45E3AA217}.Debug|Any CPU.Build.0 = Debug|Any CPU
		{15FA9739-E97B-4265-B113-D9B45E3AA217}.Debug|x64.ActiveCfg = Debug|Any CPU
		{15FA9739-E97B-4265-B113-D9B45E3AA217}.Debug|x64.Build.0 = Debug|Any CPU
		{15FA9739-E97B-4265-B113-D9B45E3AA217}.Debug|x86.ActiveCfg = Debug|Any CPU
		{15FA9739-E97B-4265-B113-D9B45E3AA217}.Debug|x86.Build.0 = Debug|Any CPU
		{15FA9739-E97B-4265-B113-D9B45E3AA217}.Release|Any CPU.ActiveCfg = Release|Any CPU
		{15FA9739-E97B-4265-B113-D9B45E3AA217}.Release|Any CPU.Build.0 = Release|Any CPU
		{15FA9739-E97B-4265-B113-D9B45E3AA217}.Release|x64.ActiveCfg = Release|Any CPU
		{15FA9739-E97B-4265-B113-D9B45E3AA217}.Release|x64.Build.0 = Release|Any CPU
		{15FA9739-E97B-4265-B113-D9B45E3AA217}.Release|x86.ActiveCfg = Release|Any CPU
		{15FA9739-E97B-4265-B113-D9B45E3AA217}.Release|x86.Build.0 = Release|Any CPU
		{6CA695B5-1591-41AF-BC99-3E2F45D7DB49}.Debug|Any CPU.ActiveCfg = Debug|Any CPU
		{6CA695B5-1591-41AF-BC99-3E2F45D7DB49}.Debug|Any CPU.Build.0 = Debug|Any CPU
		{6CA695B5-1591-41AF-BC99-3E2F45D7DB49}.Debug|x64.ActiveCfg = Debug|Any CPU
		{6CA695B5-1591-41AF-BC99-3E2F45D7DB49}.Debug|x64.Build.0 = Debug|Any CPU
		{6CA695B5-1591-41AF-BC99-3E2F45D7DB49}.Debug|x86.ActiveCfg = Debug|Any CPU
		{6CA695B5-1591-41AF-BC99-3E2F45D7DB49}.Debug|x86.Build.0 = Debug|Any CPU
		{6CA695B5-1591-41AF-BC99-3E2F45D7DB49}.Release|Any CPU.ActiveCfg = Release|Any CPU
		{6CA695B5-1591-41AF-BC99-3E2F45D7DB49}.Release|Any CPU.Build.0 = Release|Any CPU
		{6CA695B5-1591-41AF-BC99-3E2F45D7DB49}.Release|x64.ActiveCfg = Release|Any CPU
		{6CA695B5-1591-41AF-BC99-3E2F45D7DB49}.Release|x64.Build.0 = Release|Any CPU
		{6CA695B5-1591-41AF-BC99-3E2F45D7DB49}.Release|x86.ActiveCfg = Release|Any CPU
		{6CA695B5-1591-41AF-BC99-3E2F45D7DB49}.Release|x86.Build.0 = Release|Any CPU
		{5298507D-9172-44D2-B284-2397875B85F9}.Debug|Any CPU.ActiveCfg = Debug|Any CPU
		{5298507D-9172-44D2-B284-2397875B85F9}.Debug|Any CPU.Build.0 = Debug|Any CPU
		{5298507D-9172-44D2-B284-2397875B85F9}.Debug|x64.ActiveCfg = Debug|Any CPU
		{5298507D-9172-44D2-B284-2397875B85F9}.Debug|x64.Build.0 = Debug|Any CPU
		{5298507D-9172-44D2-B284-2397875B85F9}.Debug|x86.ActiveCfg = Debug|Any CPU
		{5298507D-9172-44D2-B284-2397875B85F9}.Debug|x86.Build.0 = Debug|Any CPU
		{5298507D-9172-44D2-B284-2397875B85F9}.Release|Any CPU.ActiveCfg = Release|Any CPU
		{5298507D-9172-44D2-B284-2397875B85F9}.Release|Any CPU.Build.0 = Release|Any CPU
		{5298507D-9172-44D2-B284-2397875B85F9}.Release|x64.ActiveCfg = Release|Any CPU
		{5298507D-9172-44D2-B284-2397875B85F9}.Release|x64.Build.0 = Release|Any CPU
		{5298507D-9172-44D2-B284-2397875B85F9}.Release|x86.ActiveCfg = Release|Any CPU
		{5298507D-9172-44D2-B284-2397875B85F9}.Release|x86.Build.0 = Release|Any CPU
		{DB963AB5-B2AD-4792-9601-B38A00211242}.Debug|Any CPU.ActiveCfg = Debug|Any CPU
		{DB963AB5-B2AD-4792-9601-B38A00211242}.Debug|Any CPU.Build.0 = Debug|Any CPU
		{DB963AB5-B2AD-4792-9601-B38A00211242}.Debug|x64.ActiveCfg = Debug|Any CPU
		{DB963AB5-B2AD-4792-9601-B38A00211242}.Debug|x64.Build.0 = Debug|Any CPU
		{DB963AB5-B2AD-4792-9601-B38A00211242}.Debug|x86.ActiveCfg = Debug|Any CPU
		{DB963AB5-B2AD-4792-9601-B38A00211242}.Debug|x86.Build.0 = Debug|Any CPU
		{DB963AB5-B2AD-4792-9601-B38A00211242}.Release|Any CPU.ActiveCfg = Release|Any CPU
		{DB963AB5-B2AD-4792-9601-B38A00211242}.Release|Any CPU.Build.0 = Release|Any CPU
		{DB963AB5-B2AD-4792-9601-B38A00211242}.Release|x64.ActiveCfg = Release|Any CPU
		{DB963AB5-B2AD-4792-9601-B38A00211242}.Release|x64.Build.0 = Release|Any CPU
		{DB963AB5-B2AD-4792-9601-B38A00211242}.Release|x86.ActiveCfg = Release|Any CPU
		{DB963AB5-B2AD-4792-9601-B38A00211242}.Release|x86.Build.0 = Release|Any CPU
		{FD56D80E-3AA6-4A21-AC62-3BB8F6443F27}.Debug|Any CPU.ActiveCfg = Debug|Any CPU
		{FD56D80E-3AA6-4A21-AC62-3BB8F6443F27}.Debug|Any CPU.Build.0 = Debug|Any CPU
		{FD56D80E-3AA6-4A21-AC62-3BB8F6443F27}.Debug|x64.ActiveCfg = Debug|Any CPU
		{FD56D80E-3AA6-4A21-AC62-3BB8F6443F27}.Debug|x64.Build.0 = Debug|Any CPU
		{FD56D80E-3AA6-4A21-AC62-3BB8F6443F27}.Debug|x86.ActiveCfg = Debug|Any CPU
		{FD56D80E-3AA6-4A21-AC62-3BB8F6443F27}.Debug|x86.Build.0 = Debug|Any CPU
		{FD56D80E-3AA6-4A21-AC62-3BB8F6443F27}.Release|Any CPU.ActiveCfg = Release|Any CPU
		{FD56D80E-3AA6-4A21-AC62-3BB8F6443F27}.Release|Any CPU.Build.0 = Release|Any CPU
		{FD56D80E-3AA6-4A21-AC62-3BB8F6443F27}.Release|x64.ActiveCfg = Release|Any CPU
		{FD56D80E-3AA6-4A21-AC62-3BB8F6443F27}.Release|x64.Build.0 = Release|Any CPU
		{FD56D80E-3AA6-4A21-AC62-3BB8F6443F27}.Release|x86.ActiveCfg = Release|Any CPU
		{FD56D80E-3AA6-4A21-AC62-3BB8F6443F27}.Release|x86.Build.0 = Release|Any CPU
		{831261D7-1A34-4F1D-9483-01246B22BE61}.Debug|Any CPU.ActiveCfg = Debug|Any CPU
		{831261D7-1A34-4F1D-9483-01246B22BE61}.Debug|Any CPU.Build.0 = Debug|Any CPU
		{831261D7-1A34-4F1D-9483-01246B22BE61}.Debug|x64.ActiveCfg = Debug|Any CPU
		{831261D7-1A34-4F1D-9483-01246B22BE61}.Debug|x64.Build.0 = Debug|Any CPU
		{831261D7-1A34-4F1D-9483-01246B22BE61}.Debug|x86.ActiveCfg = Debug|Any CPU
		{831261D7-1A34-4F1D-9483-01246B22BE61}.Debug|x86.Build.0 = Debug|Any CPU
		{831261D7-1A34-4F1D-9483-01246B22BE61}.Release|Any CPU.ActiveCfg = Release|Any CPU
		{831261D7-1A34-4F1D-9483-01246B22BE61}.Release|Any CPU.Build.0 = Release|Any CPU
		{831261D7-1A34-4F1D-9483-01246B22BE61}.Release|x64.ActiveCfg = Release|Any CPU
		{831261D7-1A34-4F1D-9483-01246B22BE61}.Release|x64.Build.0 = Release|Any CPU
		{831261D7-1A34-4F1D-9483-01246B22BE61}.Release|x86.ActiveCfg = Release|Any CPU
		{831261D7-1A34-4F1D-9483-01246B22BE61}.Release|x86.Build.0 = Release|Any CPU
		{B5D127C3-DB28-4886-A195-242BA64236F4}.Debug|Any CPU.ActiveCfg = Debug|Any CPU
		{B5D127C3-DB28-4886-A195-242BA64236F4}.Debug|Any CPU.Build.0 = Debug|Any CPU
		{B5D127C3-DB28-4886-A195-242BA64236F4}.Debug|x64.ActiveCfg = Debug|Any CPU
		{B5D127C3-DB28-4886-A195-242BA64236F4}.Debug|x64.Build.0 = Debug|Any CPU
		{B5D127C3-DB28-4886-A195-242BA64236F4}.Debug|x86.ActiveCfg = Debug|Any CPU
		{B5D127C3-DB28-4886-A195-242BA64236F4}.Debug|x86.Build.0 = Debug|Any CPU
		{B5D127C3-DB28-4886-A195-242BA64236F4}.Release|Any CPU.ActiveCfg = Release|Any CPU
		{B5D127C3-DB28-4886-A195-242BA64236F4}.Release|Any CPU.Build.0 = Release|Any CPU
		{B5D127C3-DB28-4886-A195-242BA64236F4}.Release|x64.ActiveCfg = Release|Any CPU
		{B5D127C3-DB28-4886-A195-242BA64236F4}.Release|x64.Build.0 = Release|Any CPU
		{B5D127C3-DB28-4886-A195-242BA64236F4}.Release|x86.ActiveCfg = Release|Any CPU
		{B5D127C3-DB28-4886-A195-242BA64236F4}.Release|x86.Build.0 = Release|Any CPU
		{5B4725DE-673A-473D-9CD3-F45DCCE6FD67}.Debug|Any CPU.ActiveCfg = Debug|Any CPU
		{5B4725DE-673A-473D-9CD3-F45DCCE6FD67}.Debug|Any CPU.Build.0 = Debug|Any CPU
		{5B4725DE-673A-473D-9CD3-F45DCCE6FD67}.Debug|x64.ActiveCfg = Debug|Any CPU
		{5B4725DE-673A-473D-9CD3-F45DCCE6FD67}.Debug|x64.Build.0 = Debug|Any CPU
		{5B4725DE-673A-473D-9CD3-F45DCCE6FD67}.Debug|x86.ActiveCfg = Debug|Any CPU
		{5B4725DE-673A-473D-9CD3-F45DCCE6FD67}.Debug|x86.Build.0 = Debug|Any CPU
		{5B4725DE-673A-473D-9CD3-F45DCCE6FD67}.Release|Any CPU.ActiveCfg = Release|Any CPU
		{5B4725DE-673A-473D-9CD3-F45DCCE6FD67}.Release|Any CPU.Build.0 = Release|Any CPU
		{5B4725DE-673A-473D-9CD3-F45DCCE6FD67}.Release|x64.ActiveCfg = Release|Any CPU
		{5B4725DE-673A-473D-9CD3-F45DCCE6FD67}.Release|x64.Build.0 = Release|Any CPU
		{5B4725DE-673A-473D-9CD3-F45DCCE6FD67}.Release|x86.ActiveCfg = Release|Any CPU
		{5B4725DE-673A-473D-9CD3-F45DCCE6FD67}.Release|x86.Build.0 = Release|Any CPU
		{762361B5-1B70-43CB-AC97-5760672C4F6D}.Debug|Any CPU.ActiveCfg = Debug|Any CPU
		{762361B5-1B70-43CB-AC97-5760672C4F6D}.Debug|Any CPU.Build.0 = Debug|Any CPU
		{762361B5-1B70-43CB-AC97-5760672C4F6D}.Debug|x64.ActiveCfg = Debug|Any CPU
		{762361B5-1B70-43CB-AC97-5760672C4F6D}.Debug|x64.Build.0 = Debug|Any CPU
		{762361B5-1B70-43CB-AC97-5760672C4F6D}.Debug|x86.ActiveCfg = Debug|Any CPU
		{762361B5-1B70-43CB-AC97-5760672C4F6D}.Debug|x86.Build.0 = Debug|Any CPU
		{762361B5-1B70-43CB-AC97-5760672C4F6D}.Release|Any CPU.ActiveCfg = Release|Any CPU
		{762361B5-1B70-43CB-AC97-5760672C4F6D}.Release|Any CPU.Build.0 = Release|Any CPU
		{762361B5-1B70-43CB-AC97-5760672C4F6D}.Release|x64.ActiveCfg = Release|Any CPU
		{762361B5-1B70-43CB-AC97-5760672C4F6D}.Release|x64.Build.0 = Release|Any CPU
		{762361B5-1B70-43CB-AC97-5760672C4F6D}.Release|x86.ActiveCfg = Release|Any CPU
		{762361B5-1B70-43CB-AC97-5760672C4F6D}.Release|x86.Build.0 = Release|Any CPU
		{E0B2272F-E698-40E8-9594-70A4425F73A8}.Debug|Any CPU.ActiveCfg = Debug|Any CPU
		{E0B2272F-E698-40E8-9594-70A4425F73A8}.Debug|Any CPU.Build.0 = Debug|Any CPU
		{E0B2272F-E698-40E8-9594-70A4425F73A8}.Debug|x64.ActiveCfg = Debug|Any CPU
		{E0B2272F-E698-40E8-9594-70A4425F73A8}.Debug|x64.Build.0 = Debug|Any CPU
		{E0B2272F-E698-40E8-9594-70A4425F73A8}.Debug|x86.ActiveCfg = Debug|Any CPU
		{E0B2272F-E698-40E8-9594-70A4425F73A8}.Debug|x86.Build.0 = Debug|Any CPU
		{E0B2272F-E698-40E8-9594-70A4425F73A8}.Release|Any CPU.ActiveCfg = Release|Any CPU
		{E0B2272F-E698-40E8-9594-70A4425F73A8}.Release|Any CPU.Build.0 = Release|Any CPU
		{E0B2272F-E698-40E8-9594-70A4425F73A8}.Release|x64.ActiveCfg = Release|Any CPU
		{E0B2272F-E698-40E8-9594-70A4425F73A8}.Release|x64.Build.0 = Release|Any CPU
		{E0B2272F-E698-40E8-9594-70A4425F73A8}.Release|x86.ActiveCfg = Release|Any CPU
		{E0B2272F-E698-40E8-9594-70A4425F73A8}.Release|x86.Build.0 = Release|Any CPU
		{E25F9C46-9428-4C0F-9DE7-B7132551170D}.Debug|Any CPU.ActiveCfg = Debug|Any CPU
		{E25F9C46-9428-4C0F-9DE7-B7132551170D}.Debug|Any CPU.Build.0 = Debug|Any CPU
		{E25F9C46-9428-4C0F-9DE7-B7132551170D}.Debug|x64.ActiveCfg = Debug|Any CPU
		{E25F9C46-9428-4C0F-9DE7-B7132551170D}.Debug|x64.Build.0 = Debug|Any CPU
		{E25F9C46-9428-4C0F-9DE7-B7132551170D}.Debug|x86.ActiveCfg = Debug|Any CPU
		{E25F9C46-9428-4C0F-9DE7-B7132551170D}.Debug|x86.Build.0 = Debug|Any CPU
		{E25F9C46-9428-4C0F-9DE7-B7132551170D}.Release|Any CPU.ActiveCfg = Release|Any CPU
		{E25F9C46-9428-4C0F-9DE7-B7132551170D}.Release|Any CPU.Build.0 = Release|Any CPU
		{E25F9C46-9428-4C0F-9DE7-B7132551170D}.Release|x64.ActiveCfg = Release|Any CPU
		{E25F9C46-9428-4C0F-9DE7-B7132551170D}.Release|x64.Build.0 = Release|Any CPU
		{E25F9C46-9428-4C0F-9DE7-B7132551170D}.Release|x86.ActiveCfg = Release|Any CPU
		{E25F9C46-9428-4C0F-9DE7-B7132551170D}.Release|x86.Build.0 = Release|Any CPU
	EndGlobalSection
	GlobalSection(SolutionProperties) = preSolution
		HideSolutionNode = FALSE
	EndGlobalSection
	GlobalSection(NestedProjects) = preSolution
		{A1D71FA7-26A5-4AA2-AAA1-7CF471634DC2} = {946F2A30-C58D-4324-8917-3E241FEDCA6D}
		{E710FFB6-BC9A-4B2F-8D89-B5360E5F85CA} = {946F2A30-C58D-4324-8917-3E241FEDCA6D}
		{AB9BAFE5-11AB-4E0C-B667-90E97F1B4239} = {946F2A30-C58D-4324-8917-3E241FEDCA6D}
		{D17B278C-8574-4961-8D37-D64CFCA4234A} = {946F2A30-C58D-4324-8917-3E241FEDCA6D}
		{34F42C0C-265F-4F6A-A9C3-6CCB0711A525} = {68AF3051-D1FC-4CB9-99A1-0F63101B950E}
		{4A5FFA42-3590-434D-9FBB-0A010CE29B8D} = {BB420C88-9702-46FF-B6D5-05610254B38B}
		{996770F5-1209-48C6-8D83-C4BB4A5B563C} = {4A5FFA42-3590-434D-9FBB-0A010CE29B8D}
		{6FBCC560-41EC-4E70-9A49-2516921F887C} = {996770F5-1209-48C6-8D83-C4BB4A5B563C}
		{07A94A15-8A7D-4C4C-B999-8931C3A6880E} = {4A5FFA42-3590-434D-9FBB-0A010CE29B8D}
		{C177BC83-5161-4827-93C7-D95CE7BBEE52} = {E710FFB6-BC9A-4B2F-8D89-B5360E5F85CA}
		{68AF3051-D1FC-4CB9-99A1-0F63101B950E} = {E710FFB6-BC9A-4B2F-8D89-B5360E5F85CA}
		{1CBD2016-496B-416C-B133-FB93F4AFF560} = {946F2A30-C58D-4324-8917-3E241FEDCA6D}
		{098ABCD9-3A60-4BF0-8663-FD5BBAEBD402} = {1CBD2016-496B-416C-B133-FB93F4AFF560}
		{CC7D6A37-37C4-4CBF-9B0A-BFF883D9561A} = {1CBD2016-496B-416C-B133-FB93F4AFF560}
		{7BCC708B-3558-4A3B-9801-06B385A21B3B} = {1CBD2016-496B-416C-B133-FB93F4AFF560}
		{15FA9739-E97B-4265-B113-D9B45E3AA217} = {1CBD2016-496B-416C-B133-FB93F4AFF560}
		{6CA695B5-1591-41AF-BC99-3E2F45D7DB49} = {A1D71FA7-26A5-4AA2-AAA1-7CF471634DC2}
		{5298507D-9172-44D2-B284-2397875B85F9} = {A1D71FA7-26A5-4AA2-AAA1-7CF471634DC2}
		{DB963AB5-B2AD-4792-9601-B38A00211242} = {A1D71FA7-26A5-4AA2-AAA1-7CF471634DC2}
		{FD56D80E-3AA6-4A21-AC62-3BB8F6443F27} = {A1D71FA7-26A5-4AA2-AAA1-7CF471634DC2}
		{831261D7-1A34-4F1D-9483-01246B22BE61} = {1CBD2016-496B-416C-B133-FB93F4AFF560}
		{B5D127C3-DB28-4886-A195-242BA64236F4} = {A1D71FA7-26A5-4AA2-AAA1-7CF471634DC2}
		{882DB236-77D5-4980-A6E5-7EB7D31AA907} = {BB420C88-9702-46FF-B6D5-05610254B38B}
		{5B4725DE-673A-473D-9CD3-F45DCCE6FD67} = {AB9BAFE5-11AB-4E0C-B667-90E97F1B4239}
		{762361B5-1B70-43CB-AC97-5760672C4F6D} = {68AF3051-D1FC-4CB9-99A1-0F63101B950E}
		{E0B2272F-E698-40E8-9594-70A4425F73A8} = {1CBD2016-496B-416C-B133-FB93F4AFF560}
		{E25F9C46-9428-4C0F-9DE7-B7132551170D} = {E710FFB6-BC9A-4B2F-8D89-B5360E5F85CA}
	EndGlobalSection
	GlobalSection(ExtensibilityGlobals) = postSolution
		SolutionGuid = {C4E619AB-1E42-45FE-B117-852B872E7834}
	EndGlobalSection
EndGlobal
